
Microsoft Visual Studio Solution File, Format Version 11.00
# Visual Studio 2010
Project("{FAE04EC0-301F-11D3-BF4B-00C04F79EFBC}") = "Assembly-CSharp", "Assembly-CSharp.csproj", "{75fd1b21-454f-c0d3-8cad-59e95a616fe9}"
EndProject
Project("{FAE04EC0-301F-11D3-BF4B-00C04F79EFBC}") = "Assembly-CSharp-Editor", "Assembly-CSharp-Editor.csproj", "{3dda67aa-6fee-8438-53f1-c313e9194ac2}"
EndProject
Project("{FAE04EC0-301F-11D3-BF4B-00C04F79EFBC}") = "Assembly-CSharp-firstpass", "Assembly-CSharp-firstpass.csproj", "{3bdd7cb2-4aa0-8e27-7563-e990a214d737}"
EndProject
Global
	GlobalSection(SolutionConfigurationPlatforms) = preSolution
		Debug|Any CPU = Debug|Any CPU
	EndGlobalSection
	GlobalSection(ProjectConfigurationPlatforms) = postSolution
		{75fd1b21-454f-c0d3-8cad-59e95a616fe9}.Debug|Any CPU.ActiveCfg = Debug|Any CPU
		{75fd1b21-454f-c0d3-8cad-59e95a616fe9}.Debug|Any CPU.Build.0 = Debug|Any CPU
		{3dda67aa-6fee-8438-53f1-c313e9194ac2}.Debug|Any CPU.ActiveCfg = Debug|Any CPU
		{3dda67aa-6fee-8438-53f1-c313e9194ac2}.Debug|Any CPU.Build.0 = Debug|Any CPU
		{3bdd7cb2-4aa0-8e27-7563-e990a214d737}.Debug|Any CPU.ActiveCfg = Debug|Any CPU
		{3bdd7cb2-4aa0-8e27-7563-e990a214d737}.Debug|Any CPU.Build.0 = Debug|Any CPU
	EndGlobalSection
	GlobalSection(SolutionProperties) = preSolution
		HideSolutionNode = FALSE
	EndGlobalSection
EndGlobal
